<?xml version="1.0" encoding="utf-8"?>
<Project ToolsVersion="4.0" xmlns="http://schemas.microsoft.com/developer/msbuild/2003">
  <ItemGroup>
    <Filter Include="Source Files">
      <UniqueIdentifier>{4FC737F1-C7A5-4376-A066-2A32D752A2FF}</UniqueIdentifier>
      <Extensions>cpp;c;cc;cxx;c++;cppm;ixx;def;odl;idl;hpj;bat;asm;asmx</Extensions>
    </Filter>
    <Filter Include="Header Files">
      <UniqueIdentifier>{93995380-89BD-4b04-88EB-625FBE52EBFB}</UniqueIdentifier>
      <Extensions>h;hh;hpp;hxx;h++;hm;inl;inc;ipp;xsd</Extensions>
    </Filter>
    <Filter Include="Resource Files">
      <UniqueIdentifier>{67DA6AB6-F800-4c08-8B7A-83BB121AAD01}</UniqueIdentifier>
      <Extensions>rc;ico;cur;bmp;dlg;rc2;rct;bin;rgs;gif;jpg;jpeg;jpe;resx;tiff;tif;png;wav;mfcribbon-ms</Extensions>
    </Filter>
    <Filter Include="Documentations">
      <UniqueIdentifier>{25892335-3b6f-4257-be66-7c0755337be2}</UniqueIdentifier>
    </Filter>
    <Filter Include="Documentations\Use cases">
      <UniqueIdentifier>{81b523ac-9d9c-409f-899b-578bc0c67613}</UniqueIdentifier>
    </Filter>
    <Filter Include="Documentations\Components">
      <UniqueIdentifier>{1488ef82-2872-4d10-9349-f48eff32603f}</UniqueIdentifier>
    </Filter>
    <Filter Include="Header Files\UI">
      <UniqueIdentifier>{c4ffc785-be8e-43f5-9e74-77663366fe88}</UniqueIdentifier>
    </Filter>
    <Filter Include="Source Files\UI">
      <UniqueIdentifier>{d98c1548-36f0-4ecd-b9bf-3758c10b221d}</UniqueIdentifier>
    </Filter>
    <Filter Include="Header Files\Model">
      <UniqueIdentifier>{52d707b9-9c4f-4f01-9286-b2c265db9ecd}</UniqueIdentifier>
    </Filter>
    <Filter Include="Header Files\UI\Controller">
      <UniqueIdentifier>{bd775560-102b-4981-b657-78af8e2769a7}</UniqueIdentifier>
    </Filter>
    <Filter Include="Header Files\UI\View">
      <UniqueIdentifier>{6e62e4f4-042a-4929-b875-5e3432cf5eec}</UniqueIdentifier>
    </Filter>
    <Filter Include="Source Files\Model">
      <UniqueIdentifier>{549ae725-bb1d-4b9b-a4de-e75c5a41f6a8}</UniqueIdentifier>
    </Filter>
  </ItemGroup>
  <ItemGroup>
    <ClCompile Include="Tetris.cpp">
      <Filter>Source Files</Filter>
    </ClCompile>
    <ClCompile Include="Model.cpp">
      <Filter>Source Files\Model</Filter>
    </ClCompile>
    <ClCompile Include="Game_Renderer.cpp">
      <Filter>Source Files\UI</Filter>
    </ClCompile>
    <ClCompile Include="Tetromino.cpp">
      <Filter>Source Files\Model</Filter>
    </ClCompile>
    <ClCompile Include="Piece_State.cpp">
      <Filter>Source Files\Model</Filter>
    </ClCompile>
    <ClCompile Include="Text_Displayer.cpp">
      <Filter>Source Files\UI</Filter>
    </ClCompile>
    <ClCompile Include="Condition_Checker.cpp">
      <Filter>Source Files\Model</Filter>
    </ClCompile>
    <ClCompile Include="Game_Mechanics.cpp">
      <Filter>Source Files\Model</Filter>
    </ClCompile>
    <ClCompile Include="Draw_Func.cpp">
      <Filter>Source Files\UI</Filter>
    </ClCompile>
    <ClCompile Include="UI.cpp">
      <Filter>Source Files\UI</Filter>
    </ClCompile>
    <ClCompile Include="Renderer_Data.cpp">
      <Filter>Source Files\UI</Filter>
    </ClCompile>
    <ClCompile Include="Sound.cpp">
      <Filter>Source Files\UI</Filter>
    </ClCompile>
  </ItemGroup>
  <ItemGroup>
    <ClInclude Include="include.h">
      <Filter>Header Files</Filter>
    </ClInclude>
    <ClInclude Include="data_type.h">
      <Filter>Header Files</Filter>
    </ClInclude>
    <ClInclude Include="colors.h">
      <Filter>Header Files\UI\View</Filter>
    </ClInclude>
    <ClInclude Include="Model.h">
      <Filter>Header Files\Model</Filter>
    </ClInclude>
    <ClInclude Include="Game_Renderer.h">
      <Filter>Header Files\UI\View</Filter>
    </ClInclude>
    <ClInclude Include="Tetromino.h">
      <Filter>Header Files\Model</Filter>
    </ClInclude>
    <ClInclude Include="Position.h">
      <Filter>Header Files\Model</Filter>
    </ClInclude>
    <ClInclude Include="Piece_State.h">
      <Filter>Header Files\Model</Filter>
    </ClInclude>
    <ClInclude Include="Play_Score.h">
      <Filter>Header Files\Model</Filter>
    </ClInclude>
    <ClInclude Include="Timer.h">
      <Filter>Header Files\Model</Filter>
    </ClInclude>
    <ClInclude Include="Game_Phase.h">
      <Filter>Header Files\Model</Filter>
    </ClInclude>
    <ClInclude Include="Game_State.h">
      <Filter>Header Files\Model</Filter>
    </ClInclude>
    <ClInclude Include="Input_Data.h">
      <Filter>Header Files\UI\Controller</Filter>
    </ClInclude>
    <ClInclude Include="Input_State.h">
      <Filter>Header Files\UI\Controller</Filter>
    </ClInclude>
    <ClInclude Include="Game_Speed.h">
      <Filter>Header Files\Model</Filter>
    </ClInclude>
    <ClInclude Include="Text_Displayer.h">
      <Filter>Header Files\UI\View</Filter>
    </ClInclude>
    <ClInclude Include="Condition_Checker.h">
      <Filter>Header Files\Model</Filter>
    </ClInclude>
    <ClInclude Include="Game_State_Calculator.h">
      <Filter>Header Files\Model</Filter>
    </ClInclude>
    <ClInclude Include="Game_Mechanics.h">
      <Filter>Header Files\Model</Filter>
    </ClInclude>
    <ClInclude Include="Sound.h">
      <Filter>Header Files\UI\View</Filter>
    </ClInclude>
    <ClInclude Include="Draw_Func.h">
      <Filter>Header Files\UI\View</Filter>
    </ClInclude>
    <ClInclude Include="Input_Getter.h">
      <Filter>Header Files\UI\Controller</Filter>
    </ClInclude>
    <ClInclude Include="Renderer_Data.h">
      <Filter>Header Files\UI\View</Filter>
    </ClInclude>
    <ClInclude Include="UI.h">
      <Filter>Header Files\UI</Filter>
    </ClInclude>
    <ClInclude Include="Renderer.h">
      <Filter>Header Files\UI\View</Filter>
    </ClInclude>
  </ItemGroup>
  <ItemGroup>
    <Text Include="User_Story.txt">
      <Filter>Documentations</Filter>
    </Text>
    <Text Include="Using_start_screen.txt">
      <Filter>Documentations\Use cases</Filter>
    </Text>
    <Text Include="Play_game.txt">
      <Filter>Documentations\Use cases</Filter>
    </Text>
    <Text Include="Main_Components.txt">
      <Filter>Documentations\Components</Filter>
    </Text>
    <Text Include="UI_Components.txt">
      <Filter>Documentations\Components</Filter>
    </Text>
    <Text Include="Renderer_components.txt">
      <Filter>Documentations\Components</Filter>
    </Text>
  </ItemGroup>
</Project>